{
  "name": "API",
  "lockfileVersion": 2,
  "requires": true,
  "packages": {
    "": {
      "dependencies": {
        "lena.js": "^0.8.0"
      }
    },
    "node_modules/lena.js": {
      "version": "0.8.0",
      "resolved": "https://registry.npmjs.org/lena.js/-/lena.js-0.8.0.tgz",
      "integrity": "sha512-sIx1NgZ3gWqHABDYD7NsCivrlxxHBLw++udE2SblmgpXd6MHRdKPBmmQXHOIoT7Rm7FeSm1IesAJjvYIQISCjg=="
    }
  },
  "dependencies": {
    "lena.js": {
      "version": "0.8.0",
      "resolved": "https://registry.npmjs.org/lena.js/-/lena.js-0.8.0.tgz",
      "integrity": "sha512-sIx1NgZ3gWqHABDYD7NsCivrlxxHBLw++udE2SblmgpXd6MHRdKPBmmQXHOIoT7Rm7FeSm1IesAJjvYIQISCjg=="
    }
  }
}
